// !$*UTF8*$!
{
	archiveVersion = 1;
	classes = {
	};
	objectVersion = 50;
	objects = {

/* Begin PBXBuildFile section */
		EB1AB53D25DF9A5400ABA665 /* Alert.swift in Sources */ = {isa = PBXBuildFile; fileRef = EB1AB53C25DF9A5400ABA665 /* Alert.swift */; };
		EB1AB54125DF9D9A00ABA665 /* BarcodeScannerView.swift in Sources */ = {isa = PBXBuildFile; fileRef = EB1AB54025DF9D9A00ABA665 /* BarcodeScannerView.swift */; };
		EB1AB54525DF9E6500ABA665 /* HomeView.swift in Sources */ = {isa = PBXBuildFile; fileRef = EB1AB54425DF9E6500ABA665 /* HomeView.swift */; };
		EB1AB54D25DF9F8400ABA665 /* ProductView.swift in Sources */ = {isa = PBXBuildFile; fileRef = EB1AB54C25DF9F8400ABA665 /* ProductView.swift */; };
		EB1AB55025DFA73D00ABA665 /* AppID.plist in Resources */ = {isa = PBXBuildFile; fileRef = EB1AB54F25DFA73D00ABA665 /* AppID.plist */; };
		EBCC6C9B25DF7188003DF7D9 /* AppDelegate.swift in Sources */ = {isa = PBXBuildFile; fileRef = EBCC6C9A25DF7188003DF7D9 /* AppDelegate.swift */; };
		EBCC6C9D25DF7188003DF7D9 /* SceneDelegate.swift in Sources */ = {isa = PBXBuildFile; fileRef = EBCC6C9C25DF7188003DF7D9 /* SceneDelegate.swift */; };
		EBCC6C9F25DF7188003DF7D9 /* ContentView.swift in Sources */ = {isa = PBXBuildFile; fileRef = EBCC6C9E25DF7188003DF7D9 /* ContentView.swift */; };
		EBCC6CA125DF7189003DF7D9 /* Assets.xcassets in Resources */ = {isa = PBXBuildFile; fileRef = EBCC6CA025DF7189003DF7D9 /* Assets.xcassets */; };
		EBCC6CA425DF7189003DF7D9 /* Preview Assets.xcassets in Resources */ = {isa = PBXBuildFile; fileRef = EBCC6CA325DF7189003DF7D9 /* Preview Assets.xcassets */; };
		EBCC6CA725DF7189003DF7D9 /* LaunchScreen.storyboard in Resources */ = {isa = PBXBuildFile; fileRef = EBCC6CA525DF7189003DF7D9 /* LaunchScreen.storyboard */; };
		EBCC6CB525DF73A7003DF7D9 /* APIService.swift in Sources */ = {isa = PBXBuildFile; fileRef = EBCC6CB425DF73A7003DF7D9 /* APIService.swift */; };
		EBCC6CBB25DF73D9003DF7D9 /* ItemsResponse.swift in Sources */ = {isa = PBXBuildFile; fileRef = EBCC6CBA25DF73D9003DF7D9 /* ItemsResponse.swift */; };
		EBCC6CBF25DF74AC003DF7D9 /* APIServiceError.swift in Sources */ = {isa = PBXBuildFile; fileRef = EBCC6CBE25DF74AC003DF7D9 /* APIServiceError.swift */; };
		EBCC6CC225DF859E003DF7D9 /* ItemsRequest.swift in Sources */ = {isa = PBXBuildFile; fileRef = EBCC6CC125DF859E003DF7D9 /* ItemsRequest.swift */; };
		EBCC6CC625DF8801003DF7D9 /* HomeViewModel.swift in Sources */ = {isa = PBXBuildFile; fileRef = EBCC6CC525DF8801003DF7D9 /* HomeViewModel.swift */; };
/* End PBXBuildFile section */

/* Begin PBXFileReference section */
		EB1AB53C25DF9A5400ABA665 /* Alert.swift */ = {isa = PBXFileReference; lastKnownFileType = sourcecode.swift; path = Alert.swift; sourceTree = "<group>"; };
		EB1AB54025DF9D9A00ABA665 /* BarcodeScannerView.swift */ = {isa = PBXFileReference; lastKnownFileType = sourcecode.swift; path = BarcodeScannerView.swift; sourceTree = "<group>"; };
		EB1AB54425DF9E6500ABA665 /* HomeView.swift */ = {isa = PBXFileReference; lastKnownFileType = sourcecode.swift; path = HomeView.swift; sourceTree = "<group>"; };
		EB1AB54C25DF9F8400ABA665 /* ProductView.swift */ = {isa = PBXFileReference; lastKnownFileType = sourcecode.swift; path = ProductView.swift; sourceTree = "<group>"; };
		EB1AB54F25DFA73D00ABA665 /* AppID.plist */ = {isa = PBXFileReference; lastKnownFileType = text.plist.xml; path = AppID.plist; sourceTree = "<group>"; };
		EBCC6C9725DF7188003DF7D9 /* barcode-sadoshima.app */ = {isa = PBXFileReference; explicitFileType = wrapper.application; includeInIndex = 0; path = "barcode-sadoshima.app"; sourceTree = BUILT_PRODUCTS_DIR; };
		EBCC6C9A25DF7188003DF7D9 /* AppDelegate.swift */ = {isa = PBXFileReference; lastKnownFileType = sourcecode.swift; path = AppDelegate.swift; sourceTree = "<group>"; };
		EBCC6C9C25DF7188003DF7D9 /* SceneDelegate.swift */ = {isa = PBXFileReference; lastKnownFileType = sourcecode.swift; path = SceneDelegate.swift; sourceTree = "<group>"; };
		EBCC6C9E25DF7188003DF7D9 /* ContentView.swift */ = {isa = PBXFileReference; lastKnownFileType = sourcecode.swift; path = ContentView.swift; sourceTree = "<group>"; };
		EBCC6CA025DF7189003DF7D9 /* Assets.xcassets */ = {isa = PBXFileReference; lastKnownFileType = folder.assetcatalog; path = Assets.xcassets; sourceTree = "<group>"; };
		EBCC6CA325DF7189003DF7D9 /* Preview Assets.xcassets */ = {isa = PBXFileReference; lastKnownFileType = folder.assetcatalog; path = "Preview Assets.xcassets"; sourceTree = "<group>"; };
		EBCC6CA625DF7189003DF7D9 /* Base */ = {isa = PBXFileReference; lastKnownFileType = file.storyboard; name = Base; path = Base.lproj/LaunchScreen.storyboard; sourceTree = "<group>"; };
		EBCC6CA825DF7189003DF7D9 /* Info.plist */ = {isa = PBXFileReference; lastKnownFileType = text.plist.xml; path = Info.plist; sourceTree = "<group>"; };
		EBCC6CB425DF73A7003DF7D9 /* APIService.swift */ = {isa = PBXFileReference; lastKnownFileType = sourcecode.swift; path = APIService.swift; sourceTree = "<group>"; };
		EBCC6CBA25DF73D9003DF7D9 /* ItemsResponse.swift */ = {isa = PBXFileReference; lastKnownFileType = sourcecode.swift; path = ItemsResponse.swift; sourceTree = "<group>"; };
		EBCC6CBE25DF74AC003DF7D9 /* APIServiceError.swift */ = {isa = PBXFileReference; lastKnownFileType = sourcecode.swift; path = APIServiceError.swift; sourceTree = "<group>"; };
		EBCC6CC125DF859E003DF7D9 /* ItemsRequest.swift */ = {isa = PBXFileReference; lastKnownFileType = sourcecode.swift; path = ItemsRequest.swift; sourceTree = "<group>"; };
		EBCC6CC525DF8801003DF7D9 /* HomeViewModel.swift */ = {isa = PBXFileReference; lastKnownFileType = sourcecode.swift; path = HomeViewModel.swift; sourceTree = "<group>"; };
/* End PBXFileReference section */

/* Begin PBXFrameworksBuildPhase section */
		EBCC6C9425DF7188003DF7D9 /* Frameworks */ = {
			isa = PBXFrameworksBuildPhase;
			buildActionMask = 2147483647;
			files = (
			);
			runOnlyForDeploymentPostprocessing = 0;
		};
/* End PBXFrameworksBuildPhase section */

/* Begin PBXGroup section */
		EB1AB53F25DF9D6F00ABA665 /* Views */ = {
			isa = PBXGroup;
			children = (
				EB1AB54025DF9D9A00ABA665 /* BarcodeScannerView.swift */,
				EB1AB54425DF9E6500ABA665 /* HomeView.swift */,
				EB1AB54C25DF9F8400ABA665 /* ProductView.swift */,
			);
			path = Views;
			sourceTree = "<group>";
		};
		EBCC6C8E25DF7188003DF7D9 = {
			isa = PBXGroup;
			children = (
				EBCC6C9925DF7188003DF7D9 /* barcode-sadoshima */,
				EBCC6C9825DF7188003DF7D9 /* Products */,
			);
			sourceTree = "<group>";
		};
		EBCC6C9825DF7188003DF7D9 /* Products */ = {
			isa = PBXGroup;
			children = (
				EBCC6C9725DF7188003DF7D9 /* barcode-sadoshima.app */,
			);
			name = Products;
			sourceTree = "<group>";
		};
		EBCC6C9925DF7188003DF7D9 /* barcode-sadoshima */ = {
			isa = PBXGroup;
			children = (
				EBCC6CAF25DF7194003DF7D9 /* APIService */,
				EBCC6CB925DF73C9003DF7D9 /* Models */,
				EBCC6CC425DF87E8003DF7D9 /* ViewModels */,
				EB1AB53F25DF9D6F00ABA665 /* Views */,
				EBCC6C9A25DF7188003DF7D9 /* AppDelegate.swift */,
				EBCC6C9C25DF7188003DF7D9 /* SceneDelegate.swift */,
				EBCC6C9E25DF7188003DF7D9 /* ContentView.swift */,
				EBCC6CA025DF7189003DF7D9 /* Assets.xcassets */,
				EBCC6CA525DF7189003DF7D9 /* LaunchScreen.storyboard */,
				EBCC6CA825DF7189003DF7D9 /* Info.plist */,
				EBCC6CA225DF7189003DF7D9 /* Preview Content */,
				EB1AB54F25DFA73D00ABA665 /* AppID.plist */,
			);
			path = "barcode-sadoshima";
			sourceTree = "<group>";
		};
		EBCC6CA225DF7189003DF7D9 /* Preview Content */ = {
			isa = PBXGroup;
			children = (
				EBCC6CA325DF7189003DF7D9 /* Preview Assets.xcassets */,
			);
			path = "Preview Content";
			sourceTree = "<group>";
		};
		EBCC6CAF25DF7194003DF7D9 /* APIService */ = {
			isa = PBXGroup;
			children = (
				EBCC6CB425DF73A7003DF7D9 /* APIService.swift */,
				EBCC6CBE25DF74AC003DF7D9 /* APIServiceError.swift */,
				EBCC6CC125DF859E003DF7D9 /* ItemsRequest.swift */,
			);
			path = APIService;
			sourceTree = "<group>";
		};
		EBCC6CB925DF73C9003DF7D9 /* Models */ = {
			isa = PBXGroup;
			children = (
				EB1AB53C25DF9A5400ABA665 /* Alert.swift */,
				EBCC6CBA25DF73D9003DF7D9 /* ItemsResponse.swift */,
			);
			path = Models;
			sourceTree = "<group>";
		};
		EBCC6CC425DF87E8003DF7D9 /* ViewModels */ = {
			isa = PBXGroup;
			children = (
				EBCC6CC525DF8801003DF7D9 /* HomeViewModel.swift */,
			);
			path = ViewModels;
			sourceTree = "<group>";
		};
/* End PBXGroup section */

/* Begin PBXNativeTarget section */
		EBCC6C9625DF7188003DF7D9 /* barcode-sadoshima */ = {
			isa = PBXNativeTarget;
			buildConfigurationList = EBCC6CAB25DF7189003DF7D9 /* Build configuration list for PBXNativeTarget "barcode-sadoshima" */;
			buildPhases = (
				EBCC6C9325DF7188003DF7D9 /* Sources */,
				EBCC6C9425DF7188003DF7D9 /* Frameworks */,
				EBCC6C9525DF7188003DF7D9 /* Resources */,
			);
			buildRules = (
			);
			dependencies = (
			);
			name = "barcode-sadoshima";
			productName = "barcode-sadoshima";
			productReference = EBCC6C9725DF7188003DF7D9 /* barcode-sadoshima.app */;
			productType = "com.apple.product-type.application";
		};
/* End PBXNativeTarget section */

/* Begin PBXProject section */
		EBCC6C8F25DF7188003DF7D9 /* Project object */ = {
			isa = PBXProject;
			attributes = {
				LastSwiftUpdateCheck = 1230;
				LastUpgradeCheck = 1230;
				TargetAttributes = {
					EBCC6C9625DF7188003DF7D9 = {
						CreatedOnToolsVersion = 12.3;
					};
				};
			};
			buildConfigurationList = EBCC6C9225DF7188003DF7D9 /* Build configuration list for PBXProject "barcode-sadoshima" */;
			compatibilityVersion = "Xcode 9.3";
			developmentRegion = en;
			hasScannedForEncodings = 0;
			knownRegions = (
				en,
				Base,
			);
			mainGroup = EBCC6C8E25DF7188003DF7D9;
			productRefGroup = EBCC6C9825DF7188003DF7D9 /* Products */;
			projectDirPath = "";
			projectRoot = "";
			targets = (
				EBCC6C9625DF7188003DF7D9 /* barcode-sadoshima */,
			);
		};
/* End PBXProject section */

/* Begin PBXResourcesBuildPhase section */
		EBCC6C9525DF7188003DF7D9 /* Resources */ = {
			isa = PBXResourcesBuildPhase;
			buildActionMask = 2147483647;
			files = (
				EBCC6CA725DF7189003DF7D9 /* LaunchScreen.storyboard in Resources */,
				EBCC6CA425DF7189003DF7D9 /* Preview Assets.xcassets in Resources */,
				EBCC6CA125DF7189003DF7D9 /* Assets.xcassets in Resources */,
				EB1AB55025DFA73D00ABA665 /* AppID.plist in Resources */,
			);
			runOnlyForDeploymentPostprocessing = 0;
		};
/* End PBXResourcesBuildPhase section */

/* Begin PBXSourcesBuildPhase section */
		EBCC6C9325DF7188003DF7D9 /* Sources */ = {
			isa = PBXSourcesBuildPhase;
			buildActionMask = 2147483647;
			files = (
				EB1AB54125DF9D9A00ABA665 /* BarcodeScannerView.swift in Sources */,
				EB1AB53D25DF9A5400ABA665 /* Alert.swift in Sources */,
				EBCC6CBB25DF73D9003DF7D9 /* ItemsResponse.swift in Sources */,
				EBCC6CC225DF859E003DF7D9 /* ItemsRequest.swift in Sources */,
				EB1AB54D25DF9F8400ABA665 /* ProductView.swift in Sources */,
				EBCC6CBF25DF74AC003DF7D9 /* APIServiceError.swift in Sources */,
				EB1AB54525DF9E6500ABA665 /* HomeView.swift in Sources */,
				EBCC6CC625DF8801003DF7D9 /* HomeViewModel.swift in Sources */,
				EBCC6C9B25DF7188003DF7D9 /* AppDelegate.swift in Sources */,
				EBCC6CB525DF73A7003DF7D9 /* APIService.swift in Sources */,
				EBCC6C9D25DF7188003DF7D9 /* SceneDelegate.swift in Sources */,
				EBCC6C9F25DF7188003DF7D9 /* ContentView.swift in Sources */,
			);
			runOnlyForDeploymentPostprocessing = 0;
		};
/* End PBXSourcesBuildPhase section */

/* Begin PBXVariantGroup section */
		EBCC6CA525DF7189003DF7D9 /* LaunchScreen.storyboard */ = {
			isa = PBXVariantGroup;
			children = (
				EBCC6CA625DF7189003DF7D9 /* Base */,
			);
			name = LaunchScreen.storyboard;
			sourceTree = "<group>";
		};
/* End PBXVariantGroup section */

/* Begin XCBuildConfiguration section */
		EBCC6CA925DF7189003DF7D9 /* Debug */ = {
			isa = XCBuildConfiguration;
			buildSettings = {
				ALWAYS_SEARCH_USER_PATHS = NO;
				CLANG_ANALYZER_NONNULL = YES;
				CLANG_ANALYZER_NUMBER_OBJECT_CONVERSION = YES_AGGRESSIVE;
				CLANG_CXX_LANGUAGE_STANDARD = "gnu++14";
				CLANG_CXX_LIBRARY = "libc++";
				CLANG_ENABLE_MODULES = YES;
				CLANG_ENABLE_OBJC_ARC = YES;
				CLANG_ENABLE_OBJC_WEAK = YES;
				CLANG_WARN_BLOCK_CAPTURE_AUTORELEASING = YES;
				CLANG_WARN_BOOL_CONVERSION = YES;
				CLANG_WARN_COMMA = YES;
				CLANG_WARN_CONSTANT_CONVERSION = YES;
				CLANG_WARN_DEPRECATED_OBJC_IMPLEMENTATIONS = YES;
				CLANG_WARN_DIRECT_OBJC_ISA_USAGE = YES_ERROR;
				CLANG_WARN_DOCUMENTATION_COMMENTS = YES;
				CLANG_WARN_EMPTY_BODY = YES;
				CLANG_WARN_ENUM_CONVERSION = YES;
				CLANG_WARN_INFINITE_RECURSION = YES;
				CLANG_WARN_INT_CONVERSION = YES;
				CLANG_WARN_NON_LITERAL_NULL_CONVERSION = YES;
				CLANG_WARN_OBJC_IMPLICIT_RETAIN_SELF = YES;
				CLANG_WARN_OBJC_LITERAL_CONVERSION = YES;
				CLANG_WARN_OBJC_ROOT_CLASS = YES_ERROR;
				CLANG_WARN_QUOTED_INCLUDE_IN_FRAMEWORK_HEADER = YES;
				CLANG_WARN_RANGE_LOOP_ANALYSIS = YES;
				CLANG_WARN_STRICT_PROTOTYPES = YES;
				CLANG_WARN_SUSPICIOUS_MOVE = YES;
				CLANG_WARN_UNGUARDED_AVAILABILITY = YES_AGGRESSIVE;
				CLANG_WARN_UNREACHABLE_CODE = YES;
				CLANG_WARN__DUPLICATE_METHOD_MATCH = YES;
				COPY_PHASE_STRIP = NO;
				DEBUG_INFORMATION_FORMAT = dwarf;
				ENABLE_STRICT_OBJC_MSGSEND = YES;
				ENABLE_TESTABILITY = YES;
				GCC_C_LANGUAGE_STANDARD = gnu11;
				GCC_DYNAMIC_NO_PIC = NO;
				GCC_NO_COMMON_BLOCKS = YES;
				GCC_OPTIMIZATION_LEVEL = 0;
				GCC_PREPROCESSOR_DEFINITIONS = (
					"DEBUG=1",
					"$(inherited)",
				);
				GCC_WARN_64_TO_32_BIT_CONVERSION = YES;
				GCC_WARN_ABOUT_RETURN_TYPE = YES_ERROR;
				GCC_WARN_UNDECLARED_SELECTOR = YES;
				GCC_WARN_UNINITIALIZED_AUTOS = YES_AGGRESSIVE;
				GCC_WARN_UNUSED_FUNCTION = YES;
				GCC_WARN_UNUSED_VARIABLE = YES;
				IPHONEOS_DEPLOYMENT_TARGET = 14.3;
				MTL_ENABLE_DEBUG_INFO = INCLUDE_SOURCE;
				MTL_FAST_MATH = YES;
				ONLY_ACTIVE_ARCH = YES;
				SDKROOT = iphoneos;
				SWIFT_ACTIVE_COMPILATION_CONDITIONS = DEBUG;
				SWIFT_OPTIMIZATION_LEVEL = "-Onone";
			};
			name = Debug;
		};
		EBCC6CAA25DF7189003DF7D9 /* Release */ = {
			isa = XCBuildConfiguration;
			buildSettings = {
				ALWAYS_SEARCH_USER_PATHS = NO;
				CLANG_ANALYZER_NONNULL = YES;
				CLANG_ANALYZER_NUMBER_OBJECT_CONVERSION = YES_AGGRESSIVE;
				CLANG_CXX_LANGUAGE_STANDARD = "gnu++14";
				CLANG_CXX_LIBRARY = "libc++";
				CLANG_ENABLE_MODULES = YES;
				CLANG_ENABLE_OBJC_ARC = YES;
				CLANG_ENABLE_OBJC_WEAK = YES;
				CLANG_WARN_BLOCK_CAPTURE_AUTORELEASING = YES;
				CLANG_WARN_BOOL_CONVERSION = YES;
				CLANG_WARN_COMMA = YES;
				CLANG_WARN_CONSTANT_CONVERSION = YES;
				CLANG_WARN_DEPRECATED_OBJC_IMPLEMENTATIONS = YES;
				CLANG_WARN_DIRECT_OBJC_ISA_USAGE = YES_ERROR;
				CLANG_WARN_DOCUMENTATION_COMMENTS = YES;
				CLANG_WARN_EMPTY_BODY = YES;
				CLANG_WARN_ENUM_CONVERSION = YES;
				CLANG_WARN_INFINITE_RECURSION = YES;
				CLANG_WARN_INT_CONVERSION = YES;
				CLANG_WARN_NON_LITERAL_NULL_CONVERSION = YES;
				CLANG_WARN_OBJC_IMPLICIT_RETAIN_SELF = YES;
				CLANG_WARN_OBJC_LITERAL_CONVERSION = YES;
				CLANG_WARN_OBJC_ROOT_CLASS = YES_ERROR;
				CLANG_WARN_QUOTED_INCLUDE_IN_FRAMEWORK_HEADER = YES;
				CLANG_WARN_RANGE_LOOP_ANALYSIS = YES;
				CLANG_WARN_STRICT_PROTOTYPES = YES;
				CLANG_WARN_SUSPICIOUS_MOVE = YES;
				CLANG_WARN_UNGUARDED_AVAILABILITY = YES_AGGRESSIVE;
				CLANG_WARN_UNREACHABLE_CODE = YES;
				CLANG_WARN__DUPLICATE_METHOD_MATCH = YES;
				COPY_PHASE_STRIP = NO;
				DEBUG_INFORMATION_FORMAT = "dwarf-with-dsym";
				ENABLE_NS_ASSERTIONS = NO;
				ENABLE_STRICT_OBJC_MSGSEND = YES;
				GCC_C_LANGUAGE_STANDARD = gnu11;
				GCC_NO_COMMON_BLOCKS = YES;
				GCC_WARN_64_TO_32_BIT_CONVERSION = YES;
				GCC_WARN_ABOUT_RETURN_TYPE = YES_ERROR;
				GCC_WARN_UNDECLARED_SELECTOR = YES;
				GCC_WARN_UNINITIALIZED_AUTOS = YES_AGGRESSIVE;
				GCC_WARN_UNUSED_FUNCTION = YES;
				GCC_WARN_UNUSED_VARIABLE = YES;
				IPHONEOS_DEPLOYMENT_TARGET = 14.3;
				MTL_ENABLE_DEBUG_INFO = NO;
				MTL_FAST_MATH = YES;
				SDKROOT = iphoneos;
				SWIFT_COMPILATION_MODE = wholemodule;
				SWIFT_OPTIMIZATION_LEVEL = "-O";
				VALIDATE_PRODUCT = YES;
			};
			name = Release;
		};
		EBCC6CAC25DF7189003DF7D9 /* Debug */ = {
			isa = XCBuildConfiguration;
			buildSettings = {
				ASSETCATALOG_COMPILER_APPICON_NAME = AppIcon;
				ASSETCATALOG_COMPILER_GLOBAL_ACCENT_COLOR_NAME = AccentColor;
				CODE_SIGN_STYLE = Automatic;
				DEVELOPMENT_ASSET_PATHS = "\"barcode-sadoshima/Preview Content\"";
				DEVELOPMENT_TEAM = PNHDUJ8FZK;
				ENABLE_PREVIEWS = YES;
				INFOPLIST_FILE = "barcode-sadoshima/Info.plist";
				LD_RUNPATH_SEARCH_PATHS = (
					"$(inherited)",
					"@executable_path/Frameworks",
				);
				PRODUCT_BUNDLE_IDENTIFIER = "office-meet.barcode-sadoshima";
				PRODUCT_NAME = "$(TARGET_NAME)";
				SWIFT_VERSION = 5.0;
				TARGETED_DEVICE_FAMILY = "1,2";
			};
			name = Debug;
		};
		EBCC6CAD25DF7189003DF7D9 /* Release */ = {
			isa = XCBuildConfiguration;
			buildSettings = {
				ASSETCATALOG_COMPILER_APPICON_NAME = AppIcon;
				ASSETCATALOG_COMPILER_GLOBAL_ACCENT_COLOR_NAME = AccentColor;
				CODE_SIGN_STYLE = Automatic;
				DEVELOPMENT_ASSET_PATHS = "\"barcode-sadoshima/Preview Content\"";
				DEVELOPMENT_TEAM = PNHDUJ8FZK;
				ENABLE_PREVIEWS = YES;
				INFOPLIST_FILE = "barcode-sadoshima/Info.plist";
				LD_RUNPATH_SEARCH_PATHS = (
					"$(inherited)",
					"@executable_path/Frameworks",
				);
				PRODUCT_BUNDLE_IDENTIFIER = "office-meet.barcode-sadoshima";
				PRODUCT_NAME = "$(TARGET_NAME)";
				SWIFT_VERSION = 5.0;
				TARGETED_DEVICE_FAMILY = "1,2";
			};
			name = Release;
		};
/* End XCBuildConfiguration section */

/* Begin XCConfigurationList section */
		EBCC6C9225DF7188003DF7D9 /* Build configuration list for PBXProject "barcode-sadoshima" */ = {
			isa = XCConfigurationList;
			buildConfigurations = (
				EBCC6CA925DF7189003DF7D9 /* Debug */,
				EBCC6CAA25DF7189003DF7D9 /* Release */,
			);
			defaultConfigurationIsVisible = 0;
			defaultConfigurationName = Release;
		};
		EBCC6CAB25DF7189003DF7D9 /* Build configuration list for PBXNativeTarget "barcode-sadoshima" */ = {
			isa = XCConfigurationList;
			buildConfigurations = (
				EBCC6CAC25DF7189003DF7D9 /* Debug */,
				EBCC6CAD25DF7189003DF7D9 /* Release */,
			);
			defaultConfigurationIsVisible = 0;
			defaultConfigurationName = Release;
		};
/* End XCConfigurationList section */
	};
	rootObject = EBCC6C8F25DF7188003DF7D9 /* Project object */;
}
