// !$*UTF8*$!
{
	archiveVersion = 1;
	classes = {
	};
	objectVersion = 50;
	objects = {

/* Begin PBXBuildFile section */
		EB275E3725EE100E004E7C91 /* EditBar.swift in Sources */ = {isa = PBXBuildFile; fileRef = EB275E3625EE100D004E7C91 /* EditBar.swift */; };
		EB275E3B25EE1468004E7C91 /* TrashButton.swift in Sources */ = {isa = PBXBuildFile; fileRef = EB275E3A25EE1468004E7C91 /* TrashButton.swift */; };
		EB3D39A225EA12EE001BD287 /* HomeViewModel.swift in Sources */ = {isa = PBXBuildFile; fileRef = EB3D39A125EA12EE001BD287 /* HomeViewModel.swift */; };
		EB3D39A525EA1335001BD287 /* ItemsResponse.swift in Sources */ = {isa = PBXBuildFile; fileRef = EB3D39A425EA1335001BD287 /* ItemsResponse.swift */; };
		EB3D39AB25EA1491001BD287 /* FavoriteItem+CoreDataClass.swift in Sources */ = {isa = PBXBuildFile; fileRef = EB3D39A925EA1491001BD287 /* FavoriteItem+CoreDataClass.swift */; };
		EB3D39AC25EA1491001BD287 /* FavoriteItem+CoreDataProperties.swift in Sources */ = {isa = PBXBuildFile; fileRef = EB3D39AA25EA1491001BD287 /* FavoriteItem+CoreDataProperties.swift */; };
		EB3D39AF25EA623B001BD287 /* ItemView.swift in Sources */ = {isa = PBXBuildFile; fileRef = EB3D39AE25EA623B001BD287 /* ItemView.swift */; };
		EB3D39B325EA6368001BD287 /* APIService.swift in Sources */ = {isa = PBXBuildFile; fileRef = EB3D39B225EA6368001BD287 /* APIService.swift */; };
		EB3D39B725EA6378001BD287 /* APIServiceError.swift in Sources */ = {isa = PBXBuildFile; fileRef = EB3D39B625EA6378001BD287 /* APIServiceError.swift */; };
		EB3D39BA25EA6384001BD287 /* ItemsRequest.swift in Sources */ = {isa = PBXBuildFile; fileRef = EB3D39B925EA6384001BD287 /* ItemsRequest.swift */; };
		EB3D39BD25EA9CB4001BD287 /* Alert.swift in Sources */ = {isa = PBXBuildFile; fileRef = EB3D39BC25EA9CB4001BD287 /* Alert.swift */; };
		EB3D39C025EA9D1B001BD287 /* BarcodeScannerView.swift in Sources */ = {isa = PBXBuildFile; fileRef = EB3D39BF25EA9D1B001BD287 /* BarcodeScannerView.swift */; };
		EB3D39C325EAA1E8001BD287 /* AppID.plist in Resources */ = {isa = PBXBuildFile; fileRef = EB3D39C225EAA1E8001BD287 /* AppID.plist */; };
		EB3D39C625EAA384001BD287 /* FavoriteListView.swift in Sources */ = {isa = PBXBuildFile; fileRef = EB3D39C525EAA384001BD287 /* FavoriteListView.swift */; };
		EB3D39C925EAA692001BD287 /* CardView.swift in Sources */ = {isa = PBXBuildFile; fileRef = EB3D39C825EAA692001BD287 /* CardView.swift */; };
		EB4CD51125E8FD25006A0A03 /* barcode_sadoshimaApp.swift in Sources */ = {isa = PBXBuildFile; fileRef = EB4CD51025E8FD25006A0A03 /* barcode_sadoshimaApp.swift */; };
		EB4CD51525E8FD27006A0A03 /* Assets.xcassets in Resources */ = {isa = PBXBuildFile; fileRef = EB4CD51425E8FD27006A0A03 /* Assets.xcassets */; };
		EB4CD51825E8FD27006A0A03 /* Preview Assets.xcassets in Resources */ = {isa = PBXBuildFile; fileRef = EB4CD51725E8FD27006A0A03 /* Preview Assets.xcassets */; };
		EB4CD51A25E8FD27006A0A03 /* Persistence.swift in Sources */ = {isa = PBXBuildFile; fileRef = EB4CD51925E8FD27006A0A03 /* Persistence.swift */; };
		EB4CD51D25E8FD27006A0A03 /* barcode_sadoshima.xcdatamodeld in Sources */ = {isa = PBXBuildFile; fileRef = EB4CD51B25E8FD27006A0A03 /* barcode_sadoshima.xcdatamodeld */; };
		EB4CD52E25E8FDF3006A0A03 /* HomeView.swift in Sources */ = {isa = PBXBuildFile; fileRef = EB4CD52D25E8FDF3006A0A03 /* HomeView.swift */; };
		EB4CD53925E93F9F006A0A03 /* Item.swift in Sources */ = {isa = PBXBuildFile; fileRef = EB4CD53825E93F9F006A0A03 /* Item.swift */; };
		EB4CD54125E94216006A0A03 /* ItemViewModel.swift in Sources */ = {isa = PBXBuildFile; fileRef = EB4CD54025E94216006A0A03 /* ItemViewModel.swift */; };
		EB56018625EE5CBC004A59E8 /* TextFieldView.swift in Sources */ = {isa = PBXBuildFile; fileRef = EB56018525EE5CBC004A59E8 /* TextFieldView.swift */; };
		EB56018C25EE79D1004A59E8 /* ListHeader.swift in Sources */ = {isa = PBXBuildFile; fileRef = EB56018B25EE79D1004A59E8 /* ListHeader.swift */; };
/* End PBXBuildFile section */

/* Begin PBXFileReference section */
		EB275E3625EE100D004E7C91 /* EditBar.swift */ = {isa = PBXFileReference; lastKnownFileType = sourcecode.swift; path = EditBar.swift; sourceTree = "<group>"; };
		EB275E3A25EE1468004E7C91 /* TrashButton.swift */ = {isa = PBXFileReference; lastKnownFileType = sourcecode.swift; path = TrashButton.swift; sourceTree = "<group>"; };
		EB3D39A125EA12EE001BD287 /* HomeViewModel.swift */ = {isa = PBXFileReference; lastKnownFileType = sourcecode.swift; path = HomeViewModel.swift; sourceTree = "<group>"; };
		EB3D39A425EA1335001BD287 /* ItemsResponse.swift */ = {isa = PBXFileReference; lastKnownFileType = sourcecode.swift; path = ItemsResponse.swift; sourceTree = "<group>"; };
		EB3D39A925EA1491001BD287 /* FavoriteItem+CoreDataClass.swift */ = {isa = PBXFileReference; lastKnownFileType = sourcecode.swift; path = "FavoriteItem+CoreDataClass.swift"; sourceTree = "<group>"; };
		EB3D39AA25EA1491001BD287 /* FavoriteItem+CoreDataProperties.swift */ = {isa = PBXFileReference; lastKnownFileType = sourcecode.swift; path = "FavoriteItem+CoreDataProperties.swift"; sourceTree = "<group>"; };
		EB3D39AE25EA623B001BD287 /* ItemView.swift */ = {isa = PBXFileReference; lastKnownFileType = sourcecode.swift; path = ItemView.swift; sourceTree = "<group>"; };
		EB3D39B225EA6368001BD287 /* APIService.swift */ = {isa = PBXFileReference; lastKnownFileType = sourcecode.swift; path = APIService.swift; sourceTree = "<group>"; };
		EB3D39B625EA6378001BD287 /* APIServiceError.swift */ = {isa = PBXFileReference; lastKnownFileType = sourcecode.swift; path = APIServiceError.swift; sourceTree = "<group>"; };
		EB3D39B925EA6384001BD287 /* ItemsRequest.swift */ = {isa = PBXFileReference; lastKnownFileType = sourcecode.swift; path = ItemsRequest.swift; sourceTree = "<group>"; };
		EB3D39BC25EA9CB4001BD287 /* Alert.swift */ = {isa = PBXFileReference; lastKnownFileType = sourcecode.swift; path = Alert.swift; sourceTree = "<group>"; };
		EB3D39BF25EA9D1B001BD287 /* BarcodeScannerView.swift */ = {isa = PBXFileReference; lastKnownFileType = sourcecode.swift; path = BarcodeScannerView.swift; sourceTree = "<group>"; };
		EB3D39C225EAA1E8001BD287 /* AppID.plist */ = {isa = PBXFileReference; lastKnownFileType = text.plist.xml; path = AppID.plist; sourceTree = "<group>"; };
		EB3D39C525EAA384001BD287 /* FavoriteListView.swift */ = {isa = PBXFileReference; lastKnownFileType = sourcecode.swift; path = FavoriteListView.swift; sourceTree = "<group>"; };
		EB3D39C825EAA692001BD287 /* CardView.swift */ = {isa = PBXFileReference; lastKnownFileType = sourcecode.swift; path = CardView.swift; sourceTree = "<group>"; };
		EB4CD50D25E8FD25006A0A03 /* barcode-sadoshima.app */ = {isa = PBXFileReference; explicitFileType = wrapper.application; includeInIndex = 0; path = "barcode-sadoshima.app"; sourceTree = BUILT_PRODUCTS_DIR; };
		EB4CD51025E8FD25006A0A03 /* barcode_sadoshimaApp.swift */ = {isa = PBXFileReference; lastKnownFileType = sourcecode.swift; path = barcode_sadoshimaApp.swift; sourceTree = "<group>"; };
		EB4CD51425E8FD27006A0A03 /* Assets.xcassets */ = {isa = PBXFileReference; lastKnownFileType = folder.assetcatalog; path = Assets.xcassets; sourceTree = "<group>"; };
		EB4CD51725E8FD27006A0A03 /* Preview Assets.xcassets */ = {isa = PBXFileReference; lastKnownFileType = folder.assetcatalog; path = "Preview Assets.xcassets"; sourceTree = "<group>"; };
		EB4CD51925E8FD27006A0A03 /* Persistence.swift */ = {isa = PBXFileReference; lastKnownFileType = sourcecode.swift; path = Persistence.swift; sourceTree = "<group>"; };
		EB4CD51C25E8FD27006A0A03 /* barcode_sadoshima.xcdatamodel */ = {isa = PBXFileReference; lastKnownFileType = wrapper.xcdatamodel; path = barcode_sadoshima.xcdatamodel; sourceTree = "<group>"; };
		EB4CD51E25E8FD27006A0A03 /* Info.plist */ = {isa = PBXFileReference; lastKnownFileType = text.plist.xml; path = Info.plist; sourceTree = "<group>"; };
		EB4CD52D25E8FDF3006A0A03 /* HomeView.swift */ = {isa = PBXFileReference; lastKnownFileType = sourcecode.swift; path = HomeView.swift; sourceTree = "<group>"; };
		EB4CD53825E93F9F006A0A03 /* Item.swift */ = {isa = PBXFileReference; lastKnownFileType = sourcecode.swift; path = Item.swift; sourceTree = "<group>"; };
		EB4CD54025E94216006A0A03 /* ItemViewModel.swift */ = {isa = PBXFileReference; lastKnownFileType = sourcecode.swift; path = ItemViewModel.swift; sourceTree = "<group>"; };
		EB56018525EE5CBC004A59E8 /* TextFieldView.swift */ = {isa = PBXFileReference; lastKnownFileType = sourcecode.swift; path = TextFieldView.swift; sourceTree = "<group>"; };
		EB56018B25EE79D1004A59E8 /* ListHeader.swift */ = {isa = PBXFileReference; lastKnownFileType = sourcecode.swift; path = ListHeader.swift; sourceTree = "<group>"; };
/* End PBXFileReference section */

/* Begin PBXFrameworksBuildPhase section */
		EB4CD50A25E8FD25006A0A03 /* Frameworks */ = {
			isa = PBXFrameworksBuildPhase;
			buildActionMask = 2147483647;
			files = (
			);
			runOnlyForDeploymentPostprocessing = 0;
		};
/* End PBXFrameworksBuildPhase section */

/* Begin PBXGroup section */
		EB275E3525EE0FFA004E7C91 /* ViewComponents */ = {
			isa = PBXGroup;
			children = (
				EB275E3625EE100D004E7C91 /* EditBar.swift */,
				EB275E3A25EE1468004E7C91 /* TrashButton.swift */,
				EB56018B25EE79D1004A59E8 /* ListHeader.swift */,
			);
			path = ViewComponents;
			sourceTree = "<group>";
		};
		EB3D39B125EA6354001BD287 /* APIService */ = {
			isa = PBXGroup;
			children = (
				EB3D39B225EA6368001BD287 /* APIService.swift */,
				EB3D39B625EA6378001BD287 /* APIServiceError.swift */,
				EB3D39B925EA6384001BD287 /* ItemsRequest.swift */,
			);
			path = APIService;
			sourceTree = "<group>";
		};
		EB4CD50425E8FD25006A0A03 = {
			isa = PBXGroup;
			children = (
				EB4CD50F25E8FD25006A0A03 /* barcode-sadoshima */,
				EB4CD50E25E8FD25006A0A03 /* Products */,
			);
			sourceTree = "<group>";
		};
		EB4CD50E25E8FD25006A0A03 /* Products */ = {
			isa = PBXGroup;
			children = (
				EB4CD50D25E8FD25006A0A03 /* barcode-sadoshima.app */,
			);
			name = Products;
			sourceTree = "<group>";
		};
		EB4CD50F25E8FD25006A0A03 /* barcode-sadoshima */ = {
			isa = PBXGroup;
			children = (
				EB275E3525EE0FFA004E7C91 /* ViewComponents */,
				EB3D39B125EA6354001BD287 /* APIService */,
				EB4CD53F25E94203006A0A03 /* ViewModels */,
				EB4CD52C25E8FDE3006A0A03 /* Views */,
				EB4CD52525E8FD39006A0A03 /* Models */,
				EB4CD51025E8FD25006A0A03 /* barcode_sadoshimaApp.swift */,
				EB4CD51425E8FD27006A0A03 /* Assets.xcassets */,
				EB4CD51925E8FD27006A0A03 /* Persistence.swift */,
				EB4CD51E25E8FD27006A0A03 /* Info.plist */,
				EB4CD51B25E8FD27006A0A03 /* barcode_sadoshima.xcdatamodeld */,
				EB4CD51625E8FD27006A0A03 /* Preview Content */,
				EB3D39C225EAA1E8001BD287 /* AppID.plist */,
			);
			path = "barcode-sadoshima";
			sourceTree = "<group>";
		};
		EB4CD51625E8FD27006A0A03 /* Preview Content */ = {
			isa = PBXGroup;
			children = (
				EB4CD51725E8FD27006A0A03 /* Preview Assets.xcassets */,
			);
			path = "Preview Content";
			sourceTree = "<group>";
		};
		EB4CD52525E8FD39006A0A03 /* Models */ = {
			isa = PBXGroup;
			children = (
				EB3D39A925EA1491001BD287 /* FavoriteItem+CoreDataClass.swift */,
				EB3D39AA25EA1491001BD287 /* FavoriteItem+CoreDataProperties.swift */,
				EB4CD53825E93F9F006A0A03 /* Item.swift */,
				EB3D39A425EA1335001BD287 /* ItemsResponse.swift */,
				EB3D39BC25EA9CB4001BD287 /* Alert.swift */,
			);
			path = Models;
			sourceTree = "<group>";
		};
		EB4CD52C25E8FDE3006A0A03 /* Views */ = {
			isa = PBXGroup;
			children = (
				EB4CD52D25E8FDF3006A0A03 /* HomeView.swift */,
				EB3D39AE25EA623B001BD287 /* ItemView.swift */,
				EB3D39BF25EA9D1B001BD287 /* BarcodeScannerView.swift */,
				EB3D39C525EAA384001BD287 /* FavoriteListView.swift */,
				EB3D39C825EAA692001BD287 /* CardView.swift */,
				EB56018525EE5CBC004A59E8 /* TextFieldView.swift */,
			);
			path = Views;
			sourceTree = "<group>";
		};
		EB4CD53F25E94203006A0A03 /* ViewModels */ = {
			isa = PBXGroup;
			children = (
				EB4CD54025E94216006A0A03 /* ItemViewModel.swift */,
				EB3D39A125EA12EE001BD287 /* HomeViewModel.swift */,
			);
			path = ViewModels;
			sourceTree = "<group>";
		};
/* End PBXGroup section */

/* Begin PBXNativeTarget section */
		EB4CD50C25E8FD25006A0A03 /* barcode-sadoshima */ = {
			isa = PBXNativeTarget;
			buildConfigurationList = EB4CD52125E8FD27006A0A03 /* Build configuration list for PBXNativeTarget "barcode-sadoshima" */;
			buildPhases = (
				EB4CD50925E8FD25006A0A03 /* Sources */,
				EB4CD50A25E8FD25006A0A03 /* Frameworks */,
				EB4CD50B25E8FD25006A0A03 /* Resources */,
			);
			buildRules = (
			);
			dependencies = (
			);
			name = "barcode-sadoshima";
			productName = "barcode-sadoshima";
			productReference = EB4CD50D25E8FD25006A0A03 /* barcode-sadoshima.app */;
			productType = "com.apple.product-type.application";
		};
/* End PBXNativeTarget section */

/* Begin PBXProject section */
		EB4CD50525E8FD25006A0A03 /* Project object */ = {
			isa = PBXProject;
			attributes = {
				LastSwiftUpdateCheck = 1230;
				LastUpgradeCheck = 1230;
				TargetAttributes = {
					EB4CD50C25E8FD25006A0A03 = {
						CreatedOnToolsVersion = 12.3;
					};
				};
			};
			buildConfigurationList = EB4CD50825E8FD25006A0A03 /* Build configuration list for PBXProject "barcode-sadoshima" */;
			compatibilityVersion = "Xcode 9.3";
			developmentRegion = en;
			hasScannedForEncodings = 0;
			knownRegions = (
				en,
				Base,
			);
			mainGroup = EB4CD50425E8FD25006A0A03;
			productRefGroup = EB4CD50E25E8FD25006A0A03 /* Products */;
			projectDirPath = "";
			projectRoot = "";
			targets = (
				EB4CD50C25E8FD25006A0A03 /* barcode-sadoshima */,
			);
		};
/* End PBXProject section */

/* Begin PBXResourcesBuildPhase section */
		EB4CD50B25E8FD25006A0A03 /* Resources */ = {
			isa = PBXResourcesBuildPhase;
			buildActionMask = 2147483647;
			files = (
				EB3D39C325EAA1E8001BD287 /* AppID.plist in Resources */,
				EB4CD51825E8FD27006A0A03 /* Preview Assets.xcassets in Resources */,
				EB4CD51525E8FD27006A0A03 /* Assets.xcassets in Resources */,
			);
			runOnlyForDeploymentPostprocessing = 0;
		};
/* End PBXResourcesBuildPhase section */

/* Begin PBXSourcesBuildPhase section */
		EB4CD50925E8FD25006A0A03 /* Sources */ = {
			isa = PBXSourcesBuildPhase;
			buildActionMask = 2147483647;
			files = (
				EB4CD52E25E8FDF3006A0A03 /* HomeView.swift in Sources */,
				EB4CD51A25E8FD27006A0A03 /* Persistence.swift in Sources */,
				EB275E3B25EE1468004E7C91 /* TrashButton.swift in Sources */,
				EB3D39C625EAA384001BD287 /* FavoriteListView.swift in Sources */,
				EB3D39C025EA9D1B001BD287 /* BarcodeScannerView.swift in Sources */,
				EB4CD53925E93F9F006A0A03 /* Item.swift in Sources */,
				EB3D39A225EA12EE001BD287 /* HomeViewModel.swift in Sources */,
				EB4CD54125E94216006A0A03 /* ItemViewModel.swift in Sources */,
				EB56018625EE5CBC004A59E8 /* TextFieldView.swift in Sources */,
				EB275E3725EE100E004E7C91 /* EditBar.swift in Sources */,
				EB3D39C925EAA692001BD287 /* CardView.swift in Sources */,
				EB4CD51D25E8FD27006A0A03 /* barcode_sadoshima.xcdatamodeld in Sources */,
				EB3D39BA25EA6384001BD287 /* ItemsRequest.swift in Sources */,
				EB3D39AF25EA623B001BD287 /* ItemView.swift in Sources */,
				EB3D39A525EA1335001BD287 /* ItemsResponse.swift in Sources */,
				EB3D39B725EA6378001BD287 /* APIServiceError.swift in Sources */,
				EB3D39B325EA6368001BD287 /* APIService.swift in Sources */,
				EB3D39AB25EA1491001BD287 /* FavoriteItem+CoreDataClass.swift in Sources */,
				EB56018C25EE79D1004A59E8 /* ListHeader.swift in Sources */,
				EB4CD51125E8FD25006A0A03 /* barcode_sadoshimaApp.swift in Sources */,
				EB3D39BD25EA9CB4001BD287 /* Alert.swift in Sources */,
				EB3D39AC25EA1491001BD287 /* FavoriteItem+CoreDataProperties.swift in Sources */,
			);
			runOnlyForDeploymentPostprocessing = 0;
		};
/* End PBXSourcesBuildPhase section */

/* Begin XCBuildConfiguration section */
		EB4CD51F25E8FD27006A0A03 /* Debug */ = {
			isa = XCBuildConfiguration;
			buildSettings = {
				ALWAYS_SEARCH_USER_PATHS = NO;
				CLANG_ANALYZER_NONNULL = YES;
				CLANG_ANALYZER_NUMBER_OBJECT_CONVERSION = YES_AGGRESSIVE;
				CLANG_CXX_LANGUAGE_STANDARD = "gnu++14";
				CLANG_CXX_LIBRARY = "libc++";
				CLANG_ENABLE_MODULES = YES;
				CLANG_ENABLE_OBJC_ARC = YES;
				CLANG_ENABLE_OBJC_WEAK = YES;
				CLANG_WARN_BLOCK_CAPTURE_AUTORELEASING = YES;
				CLANG_WARN_BOOL_CONVERSION = YES;
				CLANG_WARN_COMMA = YES;
				CLANG_WARN_CONSTANT_CONVERSION = YES;
				CLANG_WARN_DEPRECATED_OBJC_IMPLEMENTATIONS = YES;
				CLANG_WARN_DIRECT_OBJC_ISA_USAGE = YES_ERROR;
				CLANG_WARN_DOCUMENTATION_COMMENTS = YES;
				CLANG_WARN_EMPTY_BODY = YES;
				CLANG_WARN_ENUM_CONVERSION = YES;
				CLANG_WARN_INFINITE_RECURSION = YES;
				CLANG_WARN_INT_CONVERSION = YES;
				CLANG_WARN_NON_LITERAL_NULL_CONVERSION = YES;
				CLANG_WARN_OBJC_IMPLICIT_RETAIN_SELF = YES;
				CLANG_WARN_OBJC_LITERAL_CONVERSION = YES;
				CLANG_WARN_OBJC_ROOT_CLASS = YES_ERROR;
				CLANG_WARN_QUOTED_INCLUDE_IN_FRAMEWORK_HEADER = YES;
				CLANG_WARN_RANGE_LOOP_ANALYSIS = YES;
				CLANG_WARN_STRICT_PROTOTYPES = YES;
				CLANG_WARN_SUSPICIOUS_MOVE = YES;
				CLANG_WARN_UNGUARDED_AVAILABILITY = YES_AGGRESSIVE;
				CLANG_WARN_UNREACHABLE_CODE = YES;
				CLANG_WARN__DUPLICATE_METHOD_MATCH = YES;
				COPY_PHASE_STRIP = NO;
				DEBUG_INFORMATION_FORMAT = dwarf;
				ENABLE_STRICT_OBJC_MSGSEND = YES;
				ENABLE_TESTABILITY = YES;
				GCC_C_LANGUAGE_STANDARD = gnu11;
				GCC_DYNAMIC_NO_PIC = NO;
				GCC_NO_COMMON_BLOCKS = YES;
				GCC_OPTIMIZATION_LEVEL = 0;
				GCC_PREPROCESSOR_DEFINITIONS = (
					"DEBUG=1",
					"$(inherited)",
				);
				GCC_WARN_64_TO_32_BIT_CONVERSION = YES;
				GCC_WARN_ABOUT_RETURN_TYPE = YES_ERROR;
				GCC_WARN_UNDECLARED_SELECTOR = YES;
				GCC_WARN_UNINITIALIZED_AUTOS = YES_AGGRESSIVE;
				GCC_WARN_UNUSED_FUNCTION = YES;
				GCC_WARN_UNUSED_VARIABLE = YES;
				IPHONEOS_DEPLOYMENT_TARGET = 14.3;
				MTL_ENABLE_DEBUG_INFO = INCLUDE_SOURCE;
				MTL_FAST_MATH = YES;
				ONLY_ACTIVE_ARCH = YES;
				SDKROOT = iphoneos;
				SWIFT_ACTIVE_COMPILATION_CONDITIONS = DEBUG;
				SWIFT_OPTIMIZATION_LEVEL = "-Onone";
			};
			name = Debug;
		};
		EB4CD52025E8FD27006A0A03 /* Release */ = {
			isa = XCBuildConfiguration;
			buildSettings = {
				ALWAYS_SEARCH_USER_PATHS = NO;
				CLANG_ANALYZER_NONNULL = YES;
				CLANG_ANALYZER_NUMBER_OBJECT_CONVERSION = YES_AGGRESSIVE;
				CLANG_CXX_LANGUAGE_STANDARD = "gnu++14";
				CLANG_CXX_LIBRARY = "libc++";
				CLANG_ENABLE_MODULES = YES;
				CLANG_ENABLE_OBJC_ARC = YES;
				CLANG_ENABLE_OBJC_WEAK = YES;
				CLANG_WARN_BLOCK_CAPTURE_AUTORELEASING = YES;
				CLANG_WARN_BOOL_CONVERSION = YES;
				CLANG_WARN_COMMA = YES;
				CLANG_WARN_CONSTANT_CONVERSION = YES;
				CLANG_WARN_DEPRECATED_OBJC_IMPLEMENTATIONS = YES;
				CLANG_WARN_DIRECT_OBJC_ISA_USAGE = YES_ERROR;
				CLANG_WARN_DOCUMENTATION_COMMENTS = YES;
				CLANG_WARN_EMPTY_BODY = YES;
				CLANG_WARN_ENUM_CONVERSION = YES;
				CLANG_WARN_INFINITE_RECURSION = YES;
				CLANG_WARN_INT_CONVERSION = YES;
				CLANG_WARN_NON_LITERAL_NULL_CONVERSION = YES;
				CLANG_WARN_OBJC_IMPLICIT_RETAIN_SELF = YES;
				CLANG_WARN_OBJC_LITERAL_CONVERSION = YES;
				CLANG_WARN_OBJC_ROOT_CLASS = YES_ERROR;
				CLANG_WARN_QUOTED_INCLUDE_IN_FRAMEWORK_HEADER = YES;
				CLANG_WARN_RANGE_LOOP_ANALYSIS = YES;
				CLANG_WARN_STRICT_PROTOTYPES = YES;
				CLANG_WARN_SUSPICIOUS_MOVE = YES;
				CLANG_WARN_UNGUARDED_AVAILABILITY = YES_AGGRESSIVE;
				CLANG_WARN_UNREACHABLE_CODE = YES;
				CLANG_WARN__DUPLICATE_METHOD_MATCH = YES;
				COPY_PHASE_STRIP = NO;
				DEBUG_INFORMATION_FORMAT = "dwarf-with-dsym";
				ENABLE_NS_ASSERTIONS = NO;
				ENABLE_STRICT_OBJC_MSGSEND = YES;
				GCC_C_LANGUAGE_STANDARD = gnu11;
				GCC_NO_COMMON_BLOCKS = YES;
				GCC_WARN_64_TO_32_BIT_CONVERSION = YES;
				GCC_WARN_ABOUT_RETURN_TYPE = YES_ERROR;
				GCC_WARN_UNDECLARED_SELECTOR = YES;
				GCC_WARN_UNINITIALIZED_AUTOS = YES_AGGRESSIVE;
				GCC_WARN_UNUSED_FUNCTION = YES;
				GCC_WARN_UNUSED_VARIABLE = YES;
				IPHONEOS_DEPLOYMENT_TARGET = 14.3;
				MTL_ENABLE_DEBUG_INFO = NO;
				MTL_FAST_MATH = YES;
				SDKROOT = iphoneos;
				SWIFT_COMPILATION_MODE = wholemodule;
				SWIFT_OPTIMIZATION_LEVEL = "-O";
				VALIDATE_PRODUCT = YES;
			};
			name = Release;
		};
		EB4CD52225E8FD27006A0A03 /* Debug */ = {
			isa = XCBuildConfiguration;
			buildSettings = {
				ASSETCATALOG_COMPILER_APPICON_NAME = AppIcon;
				ASSETCATALOG_COMPILER_GLOBAL_ACCENT_COLOR_NAME = AccentColor;
				CODE_SIGN_STYLE = Automatic;
				DEVELOPMENT_ASSET_PATHS = "\"barcode-sadoshima/Preview Content\"";
				DEVELOPMENT_TEAM = PNHDUJ8FZK;
				ENABLE_PREVIEWS = YES;
				INFOPLIST_FILE = "barcode-sadoshima/Info.plist";
				IPHONEOS_DEPLOYMENT_TARGET = 14.0;
				LD_RUNPATH_SEARCH_PATHS = (
					"$(inherited)",
					"@executable_path/Frameworks",
				);
				PRODUCT_BUNDLE_IDENTIFIER = "office-meet.barcode-sadoshima";
				PRODUCT_NAME = "$(TARGET_NAME)";
				SWIFT_VERSION = 5.0;
				TARGETED_DEVICE_FAMILY = "1,2";
			};
			name = Debug;
		};
		EB4CD52325E8FD27006A0A03 /* Release */ = {
			isa = XCBuildConfiguration;
			buildSettings = {
				ASSETCATALOG_COMPILER_APPICON_NAME = AppIcon;
				ASSETCATALOG_COMPILER_GLOBAL_ACCENT_COLOR_NAME = AccentColor;
				CODE_SIGN_STYLE = Automatic;
				DEVELOPMENT_ASSET_PATHS = "\"barcode-sadoshima/Preview Content\"";
				DEVELOPMENT_TEAM = PNHDUJ8FZK;
				ENABLE_PREVIEWS = YES;
				INFOPLIST_FILE = "barcode-sadoshima/Info.plist";
				IPHONEOS_DEPLOYMENT_TARGET = 14.0;
				LD_RUNPATH_SEARCH_PATHS = (
					"$(inherited)",
					"@executable_path/Frameworks",
				);
				PRODUCT_BUNDLE_IDENTIFIER = "office-meet.barcode-sadoshima";
				PRODUCT_NAME = "$(TARGET_NAME)";
				SWIFT_VERSION = 5.0;
				TARGETED_DEVICE_FAMILY = "1,2";
			};
			name = Release;
		};
/* End XCBuildConfiguration section */

/* Begin XCConfigurationList section */
		EB4CD50825E8FD25006A0A03 /* Build configuration list for PBXProject "barcode-sadoshima" */ = {
			isa = XCConfigurationList;
			buildConfigurations = (
				EB4CD51F25E8FD27006A0A03 /* Debug */,
				EB4CD52025E8FD27006A0A03 /* Release */,
			);
			defaultConfigurationIsVisible = 0;
			defaultConfigurationName = Release;
		};
		EB4CD52125E8FD27006A0A03 /* Build configuration list for PBXNativeTarget "barcode-sadoshima" */ = {
			isa = XCConfigurationList;
			buildConfigurations = (
				EB4CD52225E8FD27006A0A03 /* Debug */,
				EB4CD52325E8FD27006A0A03 /* Release */,
			);
			defaultConfigurationIsVisible = 0;
			defaultConfigurationName = Release;
		};
/* End XCConfigurationList section */

/* Begin XCVersionGroup section */
		EB4CD51B25E8FD27006A0A03 /* barcode_sadoshima.xcdatamodeld */ = {
			isa = XCVersionGroup;
			children = (
				EB4CD51C25E8FD27006A0A03 /* barcode_sadoshima.xcdatamodel */,
			);
			currentVersion = EB4CD51C25E8FD27006A0A03 /* barcode_sadoshima.xcdatamodel */;
			path = barcode_sadoshima.xcdatamodeld;
			sourceTree = "<group>";
			versionGroupType = wrapper.xcdatamodel;
		};
/* End XCVersionGroup section */
	};
	rootObject = EB4CD50525E8FD25006A0A03 /* Project object */;
}
