// !$*UTF8*$!
{
	archiveVersion = 1;
	classes = {
	};
	objectVersion = 51;
	objects = {

/* Begin PBXBuildFile section */
		E83788D4CD3C8B140FED7AF2 /* Pods_barcode_sadoshima.framework in Frameworks */ = {isa = PBXBuildFile; fileRef = C042FF5205A77CDEB4E01293 /* Pods_barcode_sadoshima.framework */; };
		EB3FD77125D63E8200DEB25C /* GoogleService-Info.plist in Resources */ = {isa = PBXBuildFile; fileRef = EB3FD77025D63E8200DEB25C /* GoogleService-Info.plist */; };
		EB4D65AE25D57DA600395F9F /* ProductView.swift in Sources */ = {isa = PBXBuildFile; fileRef = EB4D65AD25D57DA600395F9F /* ProductView.swift */; };
		EB4D65BA25D594FF00395F9F /* AppID.plist in Resources */ = {isa = PBXBuildFile; fileRef = EB4D65B925D594FF00395F9F /* AppID.plist */; };
		EBD3851725D6451900DA432E /* LoginViewController.swift in Sources */ = {isa = PBXBuildFile; fileRef = EBD3851625D6451900DA432E /* LoginViewController.swift */; };
		EBEA1AE925CD08D900213D15 /* ContentView.swift in Sources */ = {isa = PBXBuildFile; fileRef = EBEA1AE825CD08D900213D15 /* ContentView.swift */; };
		EBEA1AEB25CD08DB00213D15 /* Assets.xcassets in Resources */ = {isa = PBXBuildFile; fileRef = EBEA1AEA25CD08DB00213D15 /* Assets.xcassets */; };
		EBEA1AEE25CD08DB00213D15 /* Preview Assets.xcassets in Resources */ = {isa = PBXBuildFile; fileRef = EBEA1AED25CD08DB00213D15 /* Preview Assets.xcassets */; };
		EBEA1AF125CD08DB00213D15 /* LaunchScreen.storyboard in Resources */ = {isa = PBXBuildFile; fileRef = EBEA1AEF25CD08DB00213D15 /* LaunchScreen.storyboard */; };
		EBEA1AFA25CD093000213D15 /* HomeView.swift in Sources */ = {isa = PBXBuildFile; fileRef = EBEA1AF925CD093000213D15 /* HomeView.swift */; };
		EBEA1AFD25CD094200213D15 /* HomeViewModel.swift in Sources */ = {isa = PBXBuildFile; fileRef = EBEA1AFC25CD094200213D15 /* HomeViewModel.swift */; };
		EBEA1B0025CD09C000213D15 /* Alert.swift in Sources */ = {isa = PBXBuildFile; fileRef = EBEA1AFF25CD09C000213D15 /* Alert.swift */; };
		EBEA1B0325CD0A0D00213D15 /* BarcodeScannerView.swift in Sources */ = {isa = PBXBuildFile; fileRef = EBEA1B0225CD0A0D00213D15 /* BarcodeScannerView.swift */; };
		EBEA1B0625CD0A4E00213D15 /* BarcodeScannerViewController.swift in Sources */ = {isa = PBXBuildFile; fileRef = EBEA1B0525CD0A4E00213D15 /* BarcodeScannerViewController.swift */; };
/* End PBXBuildFile section */

/* Begin PBXFileReference section */
		179DC9275F1093459CE86327 /* Pods-barcode-sadoshima.release.xcconfig */ = {isa = PBXFileReference; includeInIndex = 1; lastKnownFileType = text.xcconfig; name = "Pods-barcode-sadoshima.release.xcconfig"; path = "Target Support Files/Pods-barcode-sadoshima/Pods-barcode-sadoshima.release.xcconfig"; sourceTree = "<group>"; };
		37F9F7078526783298DDB608 /* Pods-barcode-sadoshima.debug.xcconfig */ = {isa = PBXFileReference; includeInIndex = 1; lastKnownFileType = text.xcconfig; name = "Pods-barcode-sadoshima.debug.xcconfig"; path = "Target Support Files/Pods-barcode-sadoshima/Pods-barcode-sadoshima.debug.xcconfig"; sourceTree = "<group>"; };
		C042FF5205A77CDEB4E01293 /* Pods_barcode_sadoshima.framework */ = {isa = PBXFileReference; explicitFileType = wrapper.framework; includeInIndex = 0; path = Pods_barcode_sadoshima.framework; sourceTree = BUILT_PRODUCTS_DIR; };
		EB3FD77025D63E8200DEB25C /* GoogleService-Info.plist */ = {isa = PBXFileReference; fileEncoding = 4; lastKnownFileType = text.plist.xml; name = "GoogleService-Info.plist"; path = "../../../../Downloads/GoogleService-Info.plist"; sourceTree = "<group>"; };
		EB4D65AD25D57DA600395F9F /* ProductView.swift */ = {isa = PBXFileReference; lastKnownFileType = sourcecode.swift; path = ProductView.swift; sourceTree = "<group>"; };
		EB4D65B925D594FF00395F9F /* AppID.plist */ = {isa = PBXFileReference; lastKnownFileType = text.plist.xml; path = AppID.plist; sourceTree = "<group>"; };
		EBD3851625D6451900DA432E /* LoginViewController.swift */ = {isa = PBXFileReference; lastKnownFileType = sourcecode.swift; path = LoginViewController.swift; sourceTree = "<group>"; };
		EBEA1AE125CD08D900213D15 /* barcode-sadoshima.app */ = {isa = PBXFileReference; explicitFileType = wrapper.application; includeInIndex = 0; path = "barcode-sadoshima.app"; sourceTree = BUILT_PRODUCTS_DIR; };
		EBEA1AE825CD08D900213D15 /* ContentView.swift */ = {isa = PBXFileReference; lastKnownFileType = sourcecode.swift; path = ContentView.swift; sourceTree = "<group>"; };
		EBEA1AEA25CD08DB00213D15 /* Assets.xcassets */ = {isa = PBXFileReference; lastKnownFileType = folder.assetcatalog; path = Assets.xcassets; sourceTree = "<group>"; };
		EBEA1AED25CD08DB00213D15 /* Preview Assets.xcassets */ = {isa = PBXFileReference; lastKnownFileType = folder.assetcatalog; path = "Preview Assets.xcassets"; sourceTree = "<group>"; };
		EBEA1AF025CD08DB00213D15 /* Base */ = {isa = PBXFileReference; lastKnownFileType = file.storyboard; name = Base; path = Base.lproj/LaunchScreen.storyboard; sourceTree = "<group>"; };
		EBEA1AF225CD08DB00213D15 /* Info.plist */ = {isa = PBXFileReference; lastKnownFileType = text.plist.xml; path = Info.plist; sourceTree = "<group>"; };
		EBEA1AF925CD093000213D15 /* HomeView.swift */ = {isa = PBXFileReference; lastKnownFileType = sourcecode.swift; path = HomeView.swift; sourceTree = "<group>"; };
		EBEA1AFC25CD094200213D15 /* HomeViewModel.swift */ = {isa = PBXFileReference; lastKnownFileType = sourcecode.swift; path = HomeViewModel.swift; sourceTree = "<group>"; };
		EBEA1AFF25CD09C000213D15 /* Alert.swift */ = {isa = PBXFileReference; lastKnownFileType = sourcecode.swift; path = Alert.swift; sourceTree = "<group>"; };
		EBEA1B0225CD0A0D00213D15 /* BarcodeScannerView.swift */ = {isa = PBXFileReference; lastKnownFileType = sourcecode.swift; path = BarcodeScannerView.swift; sourceTree = "<group>"; };
		EBEA1B0525CD0A4E00213D15 /* BarcodeScannerViewController.swift */ = {isa = PBXFileReference; lastKnownFileType = sourcecode.swift; path = BarcodeScannerViewController.swift; sourceTree = "<group>"; };
/* End PBXFileReference section */

/* Begin PBXFrameworksBuildPhase section */
		EBEA1ADE25CD08D900213D15 /* Frameworks */ = {
			isa = PBXFrameworksBuildPhase;
			buildActionMask = 2147483647;
			files = (
				E83788D4CD3C8B140FED7AF2 /* Pods_barcode_sadoshima.framework in Frameworks */,
			);
			runOnlyForDeploymentPostprocessing = 0;
		};
/* End PBXFrameworksBuildPhase section */

/* Begin PBXGroup section */
		5EC1DC305BD74952D0031EDC /* Pods */ = {
			isa = PBXGroup;
			children = (
				37F9F7078526783298DDB608 /* Pods-barcode-sadoshima.debug.xcconfig */,
				179DC9275F1093459CE86327 /* Pods-barcode-sadoshima.release.xcconfig */,
			);
			path = Pods;
			sourceTree = "<group>";
		};
		A6A2126BCE4D3F8197C06E6B /* Frameworks */ = {
			isa = PBXGroup;
			children = (
				C042FF5205A77CDEB4E01293 /* Pods_barcode_sadoshima.framework */,
			);
			name = Frameworks;
			sourceTree = "<group>";
		};
		EBEA1AD825CD08D900213D15 = {
			isa = PBXGroup;
			children = (
				EBEA1AE325CD08D900213D15 /* barcode-sadoshima */,
				EBEA1AE225CD08D900213D15 /* Products */,
				5EC1DC305BD74952D0031EDC /* Pods */,
				A6A2126BCE4D3F8197C06E6B /* Frameworks */,
			);
			sourceTree = "<group>";
		};
		EBEA1AE225CD08D900213D15 /* Products */ = {
			isa = PBXGroup;
			children = (
				EBEA1AE125CD08D900213D15 /* barcode-sadoshima.app */,
			);
			name = Products;
			sourceTree = "<group>";
		};
		EBEA1AE325CD08D900213D15 /* barcode-sadoshima */ = {
			isa = PBXGroup;
			children = (
				EBEA1AE825CD08D900213D15 /* ContentView.swift */,
				EBEA1AEA25CD08DB00213D15 /* Assets.xcassets */,
				EBEA1AEF25CD08DB00213D15 /* LaunchScreen.storyboard */,
				EBEA1AF225CD08DB00213D15 /* Info.plist */,
				EBEA1AEC25CD08DB00213D15 /* Preview Content */,
				EBEA1AF925CD093000213D15 /* HomeView.swift */,
				EBEA1AFC25CD094200213D15 /* HomeViewModel.swift */,
				EBEA1AFF25CD09C000213D15 /* Alert.swift */,
				EBEA1B0225CD0A0D00213D15 /* BarcodeScannerView.swift */,
				EBEA1B0525CD0A4E00213D15 /* BarcodeScannerViewController.swift */,
				EB4D65AD25D57DA600395F9F /* ProductView.swift */,
				EB4D65B925D594FF00395F9F /* AppID.plist */,
				EB3FD77025D63E8200DEB25C /* GoogleService-Info.plist */,
				EBD3851625D6451900DA432E /* LoginViewController.swift */,
			);
			path = "barcode-sadoshima";
			sourceTree = "<group>";
		};
		EBEA1AEC25CD08DB00213D15 /* Preview Content */ = {
			isa = PBXGroup;
			children = (
				EBEA1AED25CD08DB00213D15 /* Preview Assets.xcassets */,
			);
			path = "Preview Content";
			sourceTree = "<group>";
		};
/* End PBXGroup section */

/* Begin PBXNativeTarget section */
		EBEA1AE025CD08D900213D15 /* barcode-sadoshima */ = {
			isa = PBXNativeTarget;
			buildConfigurationList = EBEA1AF525CD08DB00213D15 /* Build configuration list for PBXNativeTarget "barcode-sadoshima" */;
			buildPhases = (
				BCB72E79CC6B879293ADAF1C /* [CP] Check Pods Manifest.lock */,
				EBEA1ADD25CD08D900213D15 /* Sources */,
				EBEA1ADE25CD08D900213D15 /* Frameworks */,
				EBEA1ADF25CD08D900213D15 /* Resources */,
				2F151659B6531C0387841EC6 /* [CP] Embed Pods Frameworks */,
				74DB8A6368B351A8164BA2EB /* [CP] Copy Pods Resources */,
			);
			buildRules = (
			);
			dependencies = (
			);
			name = "barcode-sadoshima";
			productName = "barcode-sadoshima";
			productReference = EBEA1AE125CD08D900213D15 /* barcode-sadoshima.app */;
			productType = "com.apple.product-type.application";
		};
/* End PBXNativeTarget section */

/* Begin PBXProject section */
		EBEA1AD925CD08D900213D15 /* Project object */ = {
			isa = PBXProject;
			attributes = {
				LastSwiftUpdateCheck = 1230;
				LastUpgradeCheck = 1230;
				TargetAttributes = {
					EBEA1AE025CD08D900213D15 = {
						CreatedOnToolsVersion = 12.3;
					};
				};
			};
			buildConfigurationList = EBEA1ADC25CD08D900213D15 /* Build configuration list for PBXProject "barcode-sadoshima" */;
			compatibilityVersion = "Xcode 9.3";
			developmentRegion = en;
			hasScannedForEncodings = 0;
			knownRegions = (
				en,
				Base,
			);
			mainGroup = EBEA1AD825CD08D900213D15;
			productRefGroup = EBEA1AE225CD08D900213D15 /* Products */;
			projectDirPath = "";
			projectRoot = "";
			targets = (
				EBEA1AE025CD08D900213D15 /* barcode-sadoshima */,
			);
		};
/* End PBXProject section */

/* Begin PBXResourcesBuildPhase section */
		EBEA1ADF25CD08D900213D15 /* Resources */ = {
			isa = PBXResourcesBuildPhase;
			buildActionMask = 2147483647;
			files = (
				EBEA1AF125CD08DB00213D15 /* LaunchScreen.storyboard in Resources */,
				EBEA1AEE25CD08DB00213D15 /* Preview Assets.xcassets in Resources */,
				EB3FD77125D63E8200DEB25C /* GoogleService-Info.plist in Resources */,
				EBEA1AEB25CD08DB00213D15 /* Assets.xcassets in Resources */,
				EB4D65BA25D594FF00395F9F /* AppID.plist in Resources */,
			);
			runOnlyForDeploymentPostprocessing = 0;
		};
/* End PBXResourcesBuildPhase section */

/* Begin PBXShellScriptBuildPhase section */
		2F151659B6531C0387841EC6 /* [CP] Embed Pods Frameworks */ = {
			isa = PBXShellScriptBuildPhase;
			buildActionMask = 2147483647;
			files = (
			);
			inputFileListPaths = (
				"${PODS_ROOT}/Target Support Files/Pods-barcode-sadoshima/Pods-barcode-sadoshima-frameworks-${CONFIGURATION}-input-files.xcfilelist",
			);
			name = "[CP] Embed Pods Frameworks";
			outputFileListPaths = (
				"${PODS_ROOT}/Target Support Files/Pods-barcode-sadoshima/Pods-barcode-sadoshima-frameworks-${CONFIGURATION}-output-files.xcfilelist",
			);
			runOnlyForDeploymentPostprocessing = 0;
			shellPath = /bin/sh;
			shellScript = "\"${PODS_ROOT}/Target Support Files/Pods-barcode-sadoshima/Pods-barcode-sadoshima-frameworks.sh\"\n";
			showEnvVarsInLog = 0;
		};
		74DB8A6368B351A8164BA2EB /* [CP] Copy Pods Resources */ = {
			isa = PBXShellScriptBuildPhase;
			buildActionMask = 2147483647;
			files = (
			);
			inputFileListPaths = (
				"${PODS_ROOT}/Target Support Files/Pods-barcode-sadoshima/Pods-barcode-sadoshima-resources-${CONFIGURATION}-input-files.xcfilelist",
			);
			name = "[CP] Copy Pods Resources";
			outputFileListPaths = (
				"${PODS_ROOT}/Target Support Files/Pods-barcode-sadoshima/Pods-barcode-sadoshima-resources-${CONFIGURATION}-output-files.xcfilelist",
			);
			runOnlyForDeploymentPostprocessing = 0;
			shellPath = /bin/sh;
			shellScript = "\"${PODS_ROOT}/Target Support Files/Pods-barcode-sadoshima/Pods-barcode-sadoshima-resources.sh\"\n";
			showEnvVarsInLog = 0;
		};
		BCB72E79CC6B879293ADAF1C /* [CP] Check Pods Manifest.lock */ = {
			isa = PBXShellScriptBuildPhase;
			buildActionMask = 2147483647;
			files = (
			);
			inputFileListPaths = (
			);
			inputPaths = (
				"${PODS_PODFILE_DIR_PATH}/Podfile.lock",
				"${PODS_ROOT}/Manifest.lock",
			);
			name = "[CP] Check Pods Manifest.lock";
			outputFileListPaths = (
			);
			outputPaths = (
				"$(DERIVED_FILE_DIR)/Pods-barcode-sadoshima-checkManifestLockResult.txt",
			);
			runOnlyForDeploymentPostprocessing = 0;
			shellPath = /bin/sh;
			shellScript = "diff \"${PODS_PODFILE_DIR_PATH}/Podfile.lock\" \"${PODS_ROOT}/Manifest.lock\" > /dev/null\nif [ $? != 0 ] ; then\n    # print error to STDERR\n    echo \"error: The sandbox is not in sync with the Podfile.lock. Run 'pod install' or update your CocoaPods installation.\" >&2\n    exit 1\nfi\n# This output is used by Xcode 'outputs' to avoid re-running this script phase.\necho \"SUCCESS\" > \"${SCRIPT_OUTPUT_FILE_0}\"\n";
			showEnvVarsInLog = 0;
		};
/* End PBXShellScriptBuildPhase section */

/* Begin PBXSourcesBuildPhase section */
		EBEA1ADD25CD08D900213D15 /* Sources */ = {
			isa = PBXSourcesBuildPhase;
			buildActionMask = 2147483647;
			files = (
				EBEA1B0025CD09C000213D15 /* Alert.swift in Sources */,
				EBEA1AFA25CD093000213D15 /* HomeView.swift in Sources */,
				EBEA1B0325CD0A0D00213D15 /* BarcodeScannerView.swift in Sources */,
				EBEA1AFD25CD094200213D15 /* HomeViewModel.swift in Sources */,
				EBD3851725D6451900DA432E /* LoginViewController.swift in Sources */,
				EB4D65AE25D57DA600395F9F /* ProductView.swift in Sources */,
				EBEA1B0625CD0A4E00213D15 /* BarcodeScannerViewController.swift in Sources */,
				EBEA1AE925CD08D900213D15 /* ContentView.swift in Sources */,
			);
			runOnlyForDeploymentPostprocessing = 0;
		};
/* End PBXSourcesBuildPhase section */

/* Begin PBXVariantGroup section */
		EBEA1AEF25CD08DB00213D15 /* LaunchScreen.storyboard */ = {
			isa = PBXVariantGroup;
			children = (
				EBEA1AF025CD08DB00213D15 /* Base */,
			);
			name = LaunchScreen.storyboard;
			sourceTree = "<group>";
		};
/* End PBXVariantGroup section */

/* Begin XCBuildConfiguration section */
		EBEA1AF325CD08DB00213D15 /* Debug */ = {
			isa = XCBuildConfiguration;
			buildSettings = {
				ALWAYS_SEARCH_USER_PATHS = NO;
				CLANG_ANALYZER_NONNULL = YES;
				CLANG_ANALYZER_NUMBER_OBJECT_CONVERSION = YES_AGGRESSIVE;
				CLANG_CXX_LANGUAGE_STANDARD = "gnu++14";
				CLANG_CXX_LIBRARY = "libc++";
				CLANG_ENABLE_MODULES = YES;
				CLANG_ENABLE_OBJC_ARC = YES;
				CLANG_ENABLE_OBJC_WEAK = YES;
				CLANG_WARN_BLOCK_CAPTURE_AUTORELEASING = YES;
				CLANG_WARN_BOOL_CONVERSION = YES;
				CLANG_WARN_COMMA = YES;
				CLANG_WARN_CONSTANT_CONVERSION = YES;
				CLANG_WARN_DEPRECATED_OBJC_IMPLEMENTATIONS = YES;
				CLANG_WARN_DIRECT_OBJC_ISA_USAGE = YES_ERROR;
				CLANG_WARN_DOCUMENTATION_COMMENTS = YES;
				CLANG_WARN_EMPTY_BODY = YES;
				CLANG_WARN_ENUM_CONVERSION = YES;
				CLANG_WARN_INFINITE_RECURSION = YES;
				CLANG_WARN_INT_CONVERSION = YES;
				CLANG_WARN_NON_LITERAL_NULL_CONVERSION = YES;
				CLANG_WARN_OBJC_IMPLICIT_RETAIN_SELF = YES;
				CLANG_WARN_OBJC_LITERAL_CONVERSION = YES;
				CLANG_WARN_OBJC_ROOT_CLASS = YES_ERROR;
				CLANG_WARN_QUOTED_INCLUDE_IN_FRAMEWORK_HEADER = YES;
				CLANG_WARN_RANGE_LOOP_ANALYSIS = YES;
				CLANG_WARN_STRICT_PROTOTYPES = YES;
				CLANG_WARN_SUSPICIOUS_MOVE = YES;
				CLANG_WARN_UNGUARDED_AVAILABILITY = YES_AGGRESSIVE;
				CLANG_WARN_UNREACHABLE_CODE = YES;
				CLANG_WARN__DUPLICATE_METHOD_MATCH = YES;
				COPY_PHASE_STRIP = NO;
				DEBUG_INFORMATION_FORMAT = dwarf;
				ENABLE_STRICT_OBJC_MSGSEND = YES;
				ENABLE_TESTABILITY = YES;
				GCC_C_LANGUAGE_STANDARD = gnu11;
				GCC_DYNAMIC_NO_PIC = NO;
				GCC_NO_COMMON_BLOCKS = YES;
				GCC_OPTIMIZATION_LEVEL = 0;
				GCC_PREPROCESSOR_DEFINITIONS = (
					"DEBUG=1",
					"$(inherited)",
				);
				GCC_WARN_64_TO_32_BIT_CONVERSION = YES;
				GCC_WARN_ABOUT_RETURN_TYPE = YES_ERROR;
				GCC_WARN_UNDECLARED_SELECTOR = YES;
				GCC_WARN_UNINITIALIZED_AUTOS = YES_AGGRESSIVE;
				GCC_WARN_UNUSED_FUNCTION = YES;
				GCC_WARN_UNUSED_VARIABLE = YES;
				IPHONEOS_DEPLOYMENT_TARGET = 14.3;
				MTL_ENABLE_DEBUG_INFO = INCLUDE_SOURCE;
				MTL_FAST_MATH = YES;
				ONLY_ACTIVE_ARCH = YES;
				SDKROOT = iphoneos;
				SWIFT_ACTIVE_COMPILATION_CONDITIONS = DEBUG;
				SWIFT_OPTIMIZATION_LEVEL = "-Onone";
			};
			name = Debug;
		};
		EBEA1AF425CD08DB00213D15 /* Release */ = {
			isa = XCBuildConfiguration;
			buildSettings = {
				ALWAYS_SEARCH_USER_PATHS = NO;
				CLANG_ANALYZER_NONNULL = YES;
				CLANG_ANALYZER_NUMBER_OBJECT_CONVERSION = YES_AGGRESSIVE;
				CLANG_CXX_LANGUAGE_STANDARD = "gnu++14";
				CLANG_CXX_LIBRARY = "libc++";
				CLANG_ENABLE_MODULES = YES;
				CLANG_ENABLE_OBJC_ARC = YES;
				CLANG_ENABLE_OBJC_WEAK = YES;
				CLANG_WARN_BLOCK_CAPTURE_AUTORELEASING = YES;
				CLANG_WARN_BOOL_CONVERSION = YES;
				CLANG_WARN_COMMA = YES;
				CLANG_WARN_CONSTANT_CONVERSION = YES;
				CLANG_WARN_DEPRECATED_OBJC_IMPLEMENTATIONS = YES;
				CLANG_WARN_DIRECT_OBJC_ISA_USAGE = YES_ERROR;
				CLANG_WARN_DOCUMENTATION_COMMENTS = YES;
				CLANG_WARN_EMPTY_BODY = YES;
				CLANG_WARN_ENUM_CONVERSION = YES;
				CLANG_WARN_INFINITE_RECURSION = YES;
				CLANG_WARN_INT_CONVERSION = YES;
				CLANG_WARN_NON_LITERAL_NULL_CONVERSION = YES;
				CLANG_WARN_OBJC_IMPLICIT_RETAIN_SELF = YES;
				CLANG_WARN_OBJC_LITERAL_CONVERSION = YES;
				CLANG_WARN_OBJC_ROOT_CLASS = YES_ERROR;
				CLANG_WARN_QUOTED_INCLUDE_IN_FRAMEWORK_HEADER = YES;
				CLANG_WARN_RANGE_LOOP_ANALYSIS = YES;
				CLANG_WARN_STRICT_PROTOTYPES = YES;
				CLANG_WARN_SUSPICIOUS_MOVE = YES;
				CLANG_WARN_UNGUARDED_AVAILABILITY = YES_AGGRESSIVE;
				CLANG_WARN_UNREACHABLE_CODE = YES;
				CLANG_WARN__DUPLICATE_METHOD_MATCH = YES;
				COPY_PHASE_STRIP = NO;
				DEBUG_INFORMATION_FORMAT = "dwarf-with-dsym";
				ENABLE_NS_ASSERTIONS = NO;
				ENABLE_STRICT_OBJC_MSGSEND = YES;
				GCC_C_LANGUAGE_STANDARD = gnu11;
				GCC_NO_COMMON_BLOCKS = YES;
				GCC_WARN_64_TO_32_BIT_CONVERSION = YES;
				GCC_WARN_ABOUT_RETURN_TYPE = YES_ERROR;
				GCC_WARN_UNDECLARED_SELECTOR = YES;
				GCC_WARN_UNINITIALIZED_AUTOS = YES_AGGRESSIVE;
				GCC_WARN_UNUSED_FUNCTION = YES;
				GCC_WARN_UNUSED_VARIABLE = YES;
				IPHONEOS_DEPLOYMENT_TARGET = 14.3;
				MTL_ENABLE_DEBUG_INFO = NO;
				MTL_FAST_MATH = YES;
				SDKROOT = iphoneos;
				SWIFT_COMPILATION_MODE = wholemodule;
				SWIFT_OPTIMIZATION_LEVEL = "-O";
				VALIDATE_PRODUCT = YES;
			};
			name = Release;
		};
		EBEA1AF625CD08DB00213D15 /* Debug */ = {
			isa = XCBuildConfiguration;
			baseConfigurationReference = 37F9F7078526783298DDB608 /* Pods-barcode-sadoshima.debug.xcconfig */;
			buildSettings = {
				ASSETCATALOG_COMPILER_APPICON_NAME = AppIcon;
				ASSETCATALOG_COMPILER_GLOBAL_ACCENT_COLOR_NAME = AccentColor;
				CODE_SIGN_STYLE = Automatic;
				DEVELOPMENT_ASSET_PATHS = "\"barcode-sadoshima/Preview Content\"";
				DEVELOPMENT_TEAM = PNHDUJ8FZK;
				ENABLE_PREVIEWS = YES;
				INFOPLIST_FILE = "barcode-sadoshima/Info.plist";
				LD_RUNPATH_SEARCH_PATHS = (
					"$(inherited)",
					"@executable_path/Frameworks",
				);
				PRODUCT_BUNDLE_IDENTIFIER = "office-meet.barcode-sadoshima";
				PRODUCT_NAME = "$(TARGET_NAME)";
				SWIFT_VERSION = 5.0;
				TARGETED_DEVICE_FAMILY = "1,2";
			};
			name = Debug;
		};
		EBEA1AF725CD08DB00213D15 /* Release */ = {
			isa = XCBuildConfiguration;
			baseConfigurationReference = 179DC9275F1093459CE86327 /* Pods-barcode-sadoshima.release.xcconfig */;
			buildSettings = {
				ASSETCATALOG_COMPILER_APPICON_NAME = AppIcon;
				ASSETCATALOG_COMPILER_GLOBAL_ACCENT_COLOR_NAME = AccentColor;
				CODE_SIGN_STYLE = Automatic;
				DEVELOPMENT_ASSET_PATHS = "\"barcode-sadoshima/Preview Content\"";
				DEVELOPMENT_TEAM = PNHDUJ8FZK;
				ENABLE_PREVIEWS = YES;
				INFOPLIST_FILE = "barcode-sadoshima/Info.plist";
				LD_RUNPATH_SEARCH_PATHS = (
					"$(inherited)",
					"@executable_path/Frameworks",
				);
				PRODUCT_BUNDLE_IDENTIFIER = "office-meet.barcode-sadoshima";
				PRODUCT_NAME = "$(TARGET_NAME)";
				SWIFT_VERSION = 5.0;
				TARGETED_DEVICE_FAMILY = "1,2";
			};
			name = Release;
		};
/* End XCBuildConfiguration section */

/* Begin XCConfigurationList section */
		EBEA1ADC25CD08D900213D15 /* Build configuration list for PBXProject "barcode-sadoshima" */ = {
			isa = XCConfigurationList;
			buildConfigurations = (
				EBEA1AF325CD08DB00213D15 /* Debug */,
				EBEA1AF425CD08DB00213D15 /* Release */,
			);
			defaultConfigurationIsVisible = 0;
			defaultConfigurationName = Release;
		};
		EBEA1AF525CD08DB00213D15 /* Build configuration list for PBXNativeTarget "barcode-sadoshima" */ = {
			isa = XCConfigurationList;
			buildConfigurations = (
				EBEA1AF625CD08DB00213D15 /* Debug */,
				EBEA1AF725CD08DB00213D15 /* Release */,
			);
			defaultConfigurationIsVisible = 0;
			defaultConfigurationName = Release;
		};
/* End XCConfigurationList section */
	};
	rootObject = EBEA1AD925CD08D900213D15 /* Project object */;
}
